# THIS IS AN AUTOGENERATED FILE. DO NOT EDIT THIS FILE DIRECTLY.
# yarn lockfile v1


"@next/env@13.1.2-canary.4":
  version "13.1.2-canary.4"
  resolved "https://registry.yarnpkg.com/@next/env/-/env-13.1.2-canary.4.tgz#1db43e1ac6554695591f1d4ba47dd16e18879b7a"
  integrity sha512-B94KcoFVbvW20z3WZTrsTQ/Z5FVWWOVjlsv5OJAuJDwnM4TZtzTrnUh1XQppEWNy9+TTQ9JRhbSqI+GyEEZWkQ==

"@next/font@13.1.1":
  version "13.1.1"
  resolved "https://registry.yarnpkg.com/@next/font/-/font-13.1.1.tgz#a0cb38bf8a181560f195d82f13f9f92fd0b0dd20"
  integrity sha512-amygRorS05hYK1/XQRZo5qBl7l2fpHnezeKU/cNveWU5QJg+sg8gMGkUXHtvesNKpiKIJshBRH1TzvO+2sKpvQ==

"@next/swc-android-arm-eabi@13.1.2-canary.4":
  version "13.1.2-canary.4"
  resolved "https://registry.yarnpkg.com/@next/swc-android-arm-eabi/-/swc-android-arm-eabi-13.1.2-canary.4.tgz#6f182edc269b86222eb12e0a572669b182628806"
  integrity sha512-Qr65l2i8icTqSo6JlQc0VHzq/67lao5KEIyyx+BZcSGsm660+ZF7/qSO8JPZfBtMbQue9Q7Sn36d/v/ZtPzWrw==

"@next/swc-android-arm64@13.1.2-canary.4":
  version "13.1.2-canary.4"
  resolved "https://registry.yarnpkg.com/@next/swc-android-arm64/-/swc-android-arm64-13.1.2-canary.4.tgz#a2a938a98dd305d71cfa955b273f38776e92eeb7"
  integrity sha512-resns9VozHkk+liNNqQqEIXdvA74VncaqnUwocA6+Mq9Y66LB0bzWK/NsY+ouUK4bLSYFlxRKI7oi6AOzSlLLw==

"@next/swc-darwin-arm64@13.1.2-canary.4":
  version "13.1.2-canary.4"
  resolved "https://registry.yarnpkg.com/@next/swc-darwin-arm64/-/swc-darwin-arm64-13.1.2-canary.4.tgz#e9d8e1cf1c6353ed4c3bd7b15c784ca49a9d777f"
  integrity sha512-qnTv2h6vVpDYrflr2ZldrktoMe5Vfw4T6T7JqPSmQ3rqsbuv0yCQRplf3aivltB2pKH4zDbYvgTUqFne2a9UZg==

"@next/swc-darwin-x64@13.1.2-canary.4":
  version "13.1.2-canary.4"
  resolved "https://registry.yarnpkg.com/@next/swc-darwin-x64/-/swc-darwin-x64-13.1.2-canary.4.tgz#5f2e124e25bee5f27d6787e593af216fd7346548"
  integrity sha512-0VCT/8t2fKYFjgp386Yo0G2tT/uxgJgdRqS89BEG28NPgb59snD0h/14g4UvhoRrB0XNOnuktdF7AYsnLZFvxw==

"@next/swc-freebsd-x64@13.1.2-canary.4":
  version "13.1.2-canary.4"
  resolved "https://registry.yarnpkg.com/@next/swc-freebsd-x64/-/swc-freebsd-x64-13.1.2-canary.4.tgz#2d3794f334d26f0be6c723cd1889c8cc0d01c064"
  integrity sha512-sjZMTehm8H7wsqiOc9q4oDzPBNT0nXkqlsqs3w3RQyW1uBIxAN0XeAJM1Wtwti64JOtqT6uj8GX9XfjF7A30yA==

"@next/swc-linux-arm-gnueabihf@13.1.2-canary.4":
  version "13.1.2-canary.4"
  resolved "https://registry.yarnpkg.com/@next/swc-linux-arm-gnueabihf/-/swc-linux-arm-gnueabihf-13.1.2-canary.4.tgz#e68acb90689c91c0c4678186f2a79a06122fd89e"
  integrity sha512-imYaU11x5ZYQOZCNqEdEWTRzi1OzCjD1PheZCJmGRLilPX1d013zrPuBczB/4XixYAiqGDn0Eba8HzRNbmoQBA==

"@next/swc-linux-arm64-gnu@13.1.2-canary.4":
  version "13.1.2-canary.4"
  resolved "https://registry.yarnpkg.com/@next/swc-linux-arm64-gnu/-/swc-linux-arm64-gnu-13.1.2-canary.4.tgz#82bf3e9bc3f249a9d36280be3a181dd9cd358b6d"
  integrity sha512-qD8u2FqLFo+vp7OF9f106A11SCJCpEtFxsCyO2/3KWzKZAIvK+QZTje7wQKnRmFHplVKVpw/LdKkJedoJVsTcA==

"@next/swc-linux-arm64-musl@13.1.2-canary.4":
  version "13.1.2-canary.4"
  resolved "https://registry.yarnpkg.com/@next/swc-linux-arm64-musl/-/swc-linux-arm64-musl-13.1.2-canary.4.tgz#cba7b347df5e1326b7efc8727691387dfeaa3972"
  integrity sha512-5Fm7PdY7IDjIF9/DLSEfpVkVSG2FRoFPtgt4HctzQtSQ3S5ds2gEse90OlF7O+qikexQEEkBDFoZuqJsbESHvg==

"@next/swc-linux-x64-gnu@13.1.2-canary.4":
  version "13.1.2-canary.4"
  resolved "https://registry.yarnpkg.com/@next/swc-linux-x64-gnu/-/swc-linux-x64-gnu-13.1.2-canary.4.tgz#1ec25b9e14d019475df948b50ffa9332143d827f"
  integrity sha512-g8Is8G9zkwMzfqS0D0kCJRBwcXtfnY1KzlGSJeKbgz6pdaLw51bxZt+3CClakiBu+d2TZDG2JW6e0CGkPSozFQ==

"@next/swc-linux-x64-musl@13.1.2-canary.4":
  version "13.1.2-canary.4"
  resolved "https://registry.yarnpkg.com/@next/swc-linux-x64-musl/-/swc-linux-x64-musl-13.1.2-canary.4.tgz#cf808ceb5ea01e66b86761398cad9e32a2716995"
  integrity sha512-eHImUl5YcmkST1poubrM5V56cDUS9HuIKahj04XWU1ELzs3/D3UmhETiQMj2F+0GGAPSUa5v4171TDelQY19jA==

"@next/swc-win32-arm64-msvc@13.1.2-canary.4":
  version "13.1.2-canary.4"
  resolved "https://registry.yarnpkg.com/@next/swc-win32-arm64-msvc/-/swc-win32-arm64-msvc-13.1.2-canary.4.tgz#27b9834c92cde997e1a4e790dc98025dd8da5b5b"
  integrity sha512-BG0KvTC0R2ZJGJgy7AbpvCAXJgRApmHtT6rf9mXqr2EA5HZcf7OinuISh8fIxbM+HT+7yeJqqyP2rWwqDdzqzA==

"@next/swc-win32-ia32-msvc@13.1.2-canary.4":
  version "13.1.2-canary.4"
  resolved "https://registry.yarnpkg.com/@next/swc-win32-ia32-msvc/-/swc-win32-ia32-msvc-13.1.2-canary.4.tgz#209c7152f3daf766833a009b41656a6a2e37a30d"
  integrity sha512-FjvodW2xdWyfJtE052kJDuQrxdUemeHTcOhwKg0yhGeNFbKGsH5XloClqPdUkrNWbYT9ekeOmUCb+BV10z8JxQ==

"@next/swc-win32-x64-msvc@13.1.2-canary.4":
  version "13.1.2-canary.4"
  resolved "https://registry.yarnpkg.com/@next/swc-win32-x64-msvc/-/swc-win32-x64-msvc-13.1.2-canary.4.tgz#92f1de6a85c4cbcb2caf6941defc9a22a1a203b1"
  integrity sha512-sg7S5O+GG+vV305o2e6FS+Al51geKeziyiwdC6Pmn92HNFuSw08VFL51sNEyplld51nop17PPZya7aLDF85U/w==

"@swc/helpers@0.4.14":
  version "0.4.14"
  resolved "https://registry.yarnpkg.com/@swc/helpers/-/helpers-0.4.14.tgz#1352ac6d95e3617ccb7c1498ff019654f1e12a74"
  integrity sha512-4C7nX/dvpzB7za4Ql9K81xK3HPxCpHMgwTZVyf+9JQ6VUbn9jjZVN7/Nkdz/Ugzs2CSjqnL/UPXroiVBVHUWUw==
  dependencies:
    tslib "^2.4.0"

"@types/node@18.11.18":
  version "18.11.18"
  resolved "https://registry.yarnpkg.com/@types/node/-/node-18.11.18.tgz#8dfb97f0da23c2293e554c5a50d61ef134d7697f"
  integrity sha512-DHQpWGjyQKSHj3ebjFI/wRKcqQcdR+MoFBygntYOZytCqNfkd2ZC4ARDJ2DQqhjH5p85Nnd3jhUJIXrszFX/JA==

"@types/prop-types@*":
  version "15.7.5"
  resolved "https://registry.yarnpkg.com/@types/prop-types/-/prop-types-15.7.5.tgz#5f19d2b85a98e9558036f6a3cacc8819420f05cf"
  integrity sha512-JCB8C6SnDoQf0cNycqd/35A7MjcnK+ZTqE7judS6o7utxUCg6imJg3QK2qzHKszlTjcj2cn+NwMB2i96ubpj7w==

"@types/react-dom@18.0.10":
  version "18.0.10"
  resolved "https://registry.yarnpkg.com/@types/react-dom/-/react-dom-18.0.10.tgz#3b66dec56aa0f16a6cc26da9e9ca96c35c0b4352"
  integrity sha512-E42GW/JA4Qv15wQdqJq8DL4JhNpB3prJgjgapN3qJT9K2zO5IIAQh4VXvCEDupoqAwnz0cY4RlXeC/ajX5SFHg==
  dependencies:
    "@types/react" "*"

"@types/react@*", "@types/react@18.0.26":
  version "18.0.26"
  resolved "https://registry.yarnpkg.com/@types/react/-/react-18.0.26.tgz#8ad59fc01fef8eaf5c74f4ea392621749f0b7917"
  integrity sha512-hCR3PJQsAIXyxhTNSiDFY//LhnMZWpNNr5etoCqx/iUfGc5gXWtQR2Phl908jVR6uPXacojQWTg4qRpkxTuGug==
  dependencies:
    "@types/prop-types" "*"
    "@types/scheduler" "*"
    csstype "^3.0.2"

"@types/scheduler@*":
  version "0.16.2"
  resolved "https://registry.yarnpkg.com/@types/scheduler/-/scheduler-0.16.2.tgz#1a62f89525723dde24ba1b01b092bf5df8ad4d39"
  integrity sha512-hppQEBDmlwhFAXKJX2KnWLYu5yMfi91yazPb2l+lbJiwW+wdo1gNeRA+3RgNSO39WYX2euey41KEwnqesU2Jew==

caniuse-lite@^1.0.30001406:
  version "1.0.30001442"
  resolved "https://registry.yarnpkg.com/caniuse-lite/-/caniuse-lite-1.0.30001442.tgz#40337f1cf3be7c637b061e2f78582dc1daec0614"
  integrity sha512-239m03Pqy0hwxYPYR5JwOIxRJfLTWtle9FV8zosfV5pHg+/51uD4nxcUlM8+mWWGfwKtt8lJNHnD3cWw9VZ6ow==

client-only@0.0.1:
  version "0.0.1"
  resolved "https://registry.yarnpkg.com/client-only/-/client-only-0.0.1.tgz#38bba5d403c41ab150bff64a95c85013cf73bca1"
  integrity sha512-IV3Ou0jSMzZrd3pZ48nLkT9DA7Ag1pnPzaiQhpW7c3RbcqqzvzzVu+L8gfqMp/8IM2MQtSiqaCxrrcfu8I8rMA==

csstype@^3.0.2:
  version "3.1.1"
  resolved "https://registry.yarnpkg.com/csstype/-/csstype-3.1.1.tgz#841b532c45c758ee546a11d5bd7b7b473c8c30b9"
  integrity sha512-DJR/VvkAvSZW9bTouZue2sSxDwdTN92uHjqeKVm+0dAqdfNykRzQ95tay8aXMBAAPpUiq4Qcug2L7neoRh2Egw==

"js-tokens@^3.0.0 || ^4.0.0":
  version "4.0.0"
  resolved "https://registry.yarnpkg.com/js-tokens/-/js-tokens-4.0.0.tgz#19203fb59991df98e3a287050d4647cdeaf32499"
  integrity sha512-RdJUflcE3cUzKiMqQgsCu06FPu9UdIJO0beYbPhHN4k6apgJtifcoCtT9bcxOpYBtpD2kCM6Sbzg4CausW/PKQ==

loose-envify@^1.1.0:
  version "1.4.0"
  resolved "https://registry.yarnpkg.com/loose-envify/-/loose-envify-1.4.0.tgz#71ee51fa7be4caec1a63839f7e682d8132d30caf"
  integrity sha512-lyuxPGr/Wfhrlem2CL/UcnUc1zcqKAImBDzukY7Y5F/yQiNdko6+fRLevlw1HgMySw7f611UIY408EtxRSoK3Q==
  dependencies:
    js-tokens "^3.0.0 || ^4.0.0"

nanoid@^3.3.4:
  version "3.3.4"
  resolved "https://registry.yarnpkg.com/nanoid/-/nanoid-3.3.4.tgz#730b67e3cd09e2deacf03c027c81c9d9dbc5e8ab"
  integrity sha512-MqBkQh/OHTS2egovRtLk45wEyNXwF+cokD+1YPf9u5VfJiRdAiRwB2froX5Co9Rh20xs4siNPm8naNotSD6RBw==

next@^13.1.2-canary.4:
  version "13.1.2-canary.4"
  resolved "https://registry.yarnpkg.com/next/-/next-13.1.2-canary.4.tgz#57775c131f708dd16dd34c5a38de6fa5a0779cc7"
  integrity sha512-iJzv+cHq0Gdxf7LRhvm391n/CcARVc+CTy96xm4awhPKhsxT/jMw37KvBpuBTwHhtf4LOHNRQoE+W0y+GgfQGw==
  dependencies:
    "@next/env" "13.1.2-canary.4"
    "@swc/helpers" "0.4.14"
    caniuse-lite "^1.0.30001406"
    postcss "8.4.14"
    styled-jsx "5.1.1"
  optionalDependencies:
    "@next/swc-android-arm-eabi" "13.1.2-canary.4"
    "@next/swc-android-arm64" "13.1.2-canary.4"
    "@next/swc-darwin-arm64" "13.1.2-canary.4"
    "@next/swc-darwin-x64" "13.1.2-canary.4"
    "@next/swc-freebsd-x64" "13.1.2-canary.4"
    "@next/swc-linux-arm-gnueabihf" "13.1.2-canary.4"
    "@next/swc-linux-arm64-gnu" "13.1.2-canary.4"
    "@next/swc-linux-arm64-musl" "13.1.2-canary.4"
    "@next/swc-linux-x64-gnu" "13.1.2-canary.4"
    "@next/swc-linux-x64-musl" "13.1.2-canary.4"
    "@next/swc-win32-arm64-msvc" "13.1.2-canary.4"
    "@next/swc-win32-ia32-msvc" "13.1.2-canary.4"
    "@next/swc-win32-x64-msvc" "13.1.2-canary.4"

picocolors@^1.0.0:
  version "1.0.0"
  resolved "https://registry.yarnpkg.com/picocolors/-/picocolors-1.0.0.tgz#cb5bdc74ff3f51892236eaf79d68bc44564ab81c"
  integrity sha512-1fygroTLlHu66zi26VoTDv8yRgm0Fccecssto+MhsZ0D/DGW2sm8E8AjW7NU5VVTRt5GxbeZ5qBuJr+HyLYkjQ==

postcss@8.4.14:
  version "8.4.14"
  resolved "https://registry.yarnpkg.com/postcss/-/postcss-8.4.14.tgz#ee9274d5622b4858c1007a74d76e42e56fd21caf"
  integrity sha512-E398TUmfAYFPBSdzgeieK2Y1+1cpdxJx8yXbK/m57nRhKSmk1GB2tO4lbLBtlkfPQTDKfe4Xqv1ASWPpayPEig==
  dependencies:
    nanoid "^3.3.4"
    picocolors "^1.0.0"
    source-map-js "^1.0.2"

react-dom@18.2.0:
  version "18.2.0"
  resolved "https://registry.yarnpkg.com/react-dom/-/react-dom-18.2.0.tgz#22aaf38708db2674ed9ada224ca4aa708d821e3d"
  integrity sha512-6IMTriUmvsjHUjNtEDudZfuDQUoWXVxKHhlEGSk81n4YFS+r/Kl99wXiwlVXtPBtJenozv2P+hxDsw9eA7Xo6g==
  dependencies:
    loose-envify "^1.1.0"
    scheduler "^0.23.0"

react@18.2.0:
  version "18.2.0"
  resolved "https://registry.yarnpkg.com/react/-/react-18.2.0.tgz#555bd98592883255fa00de14f1151a917b5d77d5"
  integrity sha512-/3IjMdb2L9QbBdWiW5e3P2/npwMBaU9mHCSCUzNln0ZCYbcfTsGbTJrU/kGemdH2IWmB2ioZ+zkxtmq6g09fGQ==
  dependencies:
    loose-envify "^1.1.0"

scheduler@^0.23.0:
  version "0.23.0"
  resolved "https://registry.yarnpkg.com/scheduler/-/scheduler-0.23.0.tgz#ba8041afc3d30eb206a487b6b384002e4e61fdfe"
  integrity sha512-CtuThmgHNg7zIZWAXi3AsyIzA3n4xx7aNyjwC2VJldO2LMVDhFK+63xGqq6CsJH4rTAt6/M+N4GhZiDYPx9eUw==
  dependencies:
    loose-envify "^1.1.0"

source-map-js@^1.0.2:
  version "1.0.2"
  resolved "https://registry.yarnpkg.com/source-map-js/-/source-map-js-1.0.2.tgz#adbc361d9c62df380125e7f161f71c826f1e490c"
  integrity sha512-R0XvVJ9WusLiqTCEiGCmICCMplcCkIwwR11mOSD9CR5u+IXYdiseeEuXCVAjS54zqwkLcPNnmU4OeJ6tUrWhDw==

styled-jsx@5.1.1:
  version "5.1.1"
  resolved "https://registry.yarnpkg.com/styled-jsx/-/styled-jsx-5.1.1.tgz#839a1c3aaacc4e735fed0781b8619ea5d0009d1f"
  integrity sha512-pW7uC1l4mBZ8ugbiZrcIsiIvVx1UmTfw7UkC3Um2tmfUq9Bhk8IiyEIPl6F8agHgjzku6j0xQEZbfA5uSgSaCw==
  dependencies:
    client-only "0.0.1"

tslib@^2.4.0:
  version "2.4.1"
  resolved "https://registry.yarnpkg.com/tslib/-/tslib-2.4.1.tgz#0d0bfbaac2880b91e22df0768e55be9753a5b17e"
  integrity sha512-tGyy4dAjRIEwI7BzsB0lynWgOpfqjUdq91XXAlIWD2OwKBH7oCl/GZG/HT4BOHrTlPMOASlMQ7veyTqpmRcrNA==

typescript@4.9.4:
  version "4.9.4"
  resolved "https://registry.yarnpkg.com/typescript/-/typescript-4.9.4.tgz#a2a3d2756c079abda241d75f149df9d561091e78"
  integrity sha512-Uz+dTXYzxXXbsFpM86Wh3dKCxrQqUcVMxwU54orwlJjOpO3ao8L7j5lH+dWfTwgCwIuM9GQ2kvVotzYJMXTBZg==
